{
  "name": "tsk-test",
  "version": "1.0.0",
  "lockfileVersion": 1,
  "requires": true,
  "dependencies": {
    "@rattan/location": {
      "version": "1.0.2",
      "resolved": "https://registry.npmjs.org/@rattan/location/-/location-1.0.2.tgz",
      "integrity": "sha512-QzLMq1cJ0xh7THubs9VrbbSmF3O0h4o/I5cVmVr74yFR7Mpafo6CBbHXblCV7jYS2Mni8yGDPfVTKp0J6vzELQ=="
    },
    "vant-weapp": {
      "version": "0.5.29",
      "resolved": "https://registry.npmjs.org/vant-weapp/-/vant-weapp-0.5.29.tgz",
      "integrity": "sha512-RMc0Ga914XFwspw2WuOMU8bOHlIkua8X1DoQ/KPnGQzjwT1uEL4S7W186EmaHF1wN2krB9BVd0LdRRt39dGh6Q=="
    }
  }
}
